// !$*UTF8*$!
{
	archiveVersion = 1;
	classes = {
	};
	objectVersion = 56;
	objects = {

/* Begin PBXBuildFile section */
		D4658EAA29013DB1005BA1F0 /* main.swift in Sources */ = {isa = PBXBuildFile; fileRef = D4658EA929013DB1005BA1F0 /* main.swift */; };
		D4658EB1290140C9005BA1F0 /* Worker.swift in Sources */ = {isa = PBXBuildFile; fileRef = D4658EB0290140C9005BA1F0 /* Worker.swift */; };
		D4658EB32901462E005BA1F0 /* Investor.swift in Sources */ = {isa = PBXBuildFile; fileRef = D4658EB22901462E005BA1F0 /* Investor.swift */; };
		D4658EB529014FBE005BA1F0 /* KudaibergenCarsStore.swift in Sources */ = {isa = PBXBuildFile; fileRef = D4658EB429014FBE005BA1F0 /* KudaibergenCarsStore.swift */; };
		D4658EB7290153E9005BA1F0 /* ClothingBoutique.swift in Sources */ = {isa = PBXBuildFile; fileRef = D4658EB6290153E9005BA1F0 /* ClothingBoutique.swift */; };
/* End PBXBuildFile section */

/* Begin PBXCopyFilesBuildPhase section */
		D4658EA429013DB1005BA1F0 /* CopyFiles */ = {
			isa = PBXCopyFilesBuildPhase;
			buildActionMask = 2147483647;
			dstPath = /usr/share/man/man1/;
			dstSubfolderSpec = 0;
			files = (
			);
			runOnlyForDeploymentPostprocessing = 1;
		};
/* End PBXCopyFilesBuildPhase section */

/* Begin PBXFileReference section */
		D4658EA629013DB1005BA1F0 /* 2nd home work 2nd month */ = {isa = PBXFileReference; explicitFileType = "compiled.mach-o.executable"; includeInIndex = 0; path = "2nd home work 2nd month"; sourceTree = BUILT_PRODUCTS_DIR; };
		D4658EA929013DB1005BA1F0 /* main.swift */ = {isa = PBXFileReference; lastKnownFileType = sourcecode.swift; path = main.swift; sourceTree = "<group>"; };
		D4658EB0290140C9005BA1F0 /* Worker.swift */ = {isa = PBXFileReference; lastKnownFileType = sourcecode.swift; path = Worker.swift; sourceTree = "<group>"; };
		D4658EB22901462E005BA1F0 /* Investor.swift */ = {isa = PBXFileReference; lastKnownFileType = sourcecode.swift; path = Investor.swift; sourceTree = "<group>"; };
		D4658EB429014FBE005BA1F0 /* KudaibergenCarsStore.swift */ = {isa = PBXFileReference; lastKnownFileType = sourcecode.swift; path = KudaibergenCarsStore.swift; sourceTree = "<group>"; };
		D4658EB6290153E9005BA1F0 /* ClothingBoutique.swift */ = {isa = PBXFileReference; lastKnownFileType = sourcecode.swift; path = ClothingBoutique.swift; sourceTree = "<group>"; };
/* End PBXFileReference section */

/* Begin PBXFrameworksBuildPhase section */
		D4658EA329013DB1005BA1F0 /* Frameworks */ = {
			isa = PBXFrameworksBuildPhase;
			buildActionMask = 2147483647;
			files = (
			);
			runOnlyForDeploymentPostprocessing = 0;
		};
/* End PBXFrameworksBuildPhase section */

/* Begin PBXGroup section */
		D4658E9D29013DB1005BA1F0 = {
			isa = PBXGroup;
			children = (
				D4658EA829013DB1005BA1F0 /* 2nd home work 2nd month */,
				D4658EA729013DB1005BA1F0 /* Products */,
			);
			sourceTree = "<group>";
		};
		D4658EA729013DB1005BA1F0 /* Products */ = {
			isa = PBXGroup;
			children = (
				D4658EA629013DB1005BA1F0 /* 2nd home work 2nd month */,
			);
			name = Products;
			sourceTree = "<group>";
		};
		D4658EA829013DB1005BA1F0 /* 2nd home work 2nd month */ = {
			isa = PBXGroup;
			children = (
				D4658EB6290153E9005BA1F0 /* ClothingBoutique.swift */,
				D4658EB429014FBE005BA1F0 /* KudaibergenCarsStore.swift */,
				D4658EB22901462E005BA1F0 /* Investor.swift */,
				D4658EB0290140C9005BA1F0 /* Worker.swift */,
				D4658EA929013DB1005BA1F0 /* main.swift */,
			);
			path = "2nd home work 2nd month";
			sourceTree = "<group>";
		};
/* End PBXGroup section */

/* Begin PBXNativeTarget section */
		D4658EA529013DB1005BA1F0 /* 2nd home work 2nd month */ = {
			isa = PBXNativeTarget;
			buildConfigurationList = D4658EAD29013DB1005BA1F0 /* Build configuration list for PBXNativeTarget "2nd home work 2nd month" */;
			buildPhases = (
				D4658EA229013DB1005BA1F0 /* Sources */,
				D4658EA329013DB1005BA1F0 /* Frameworks */,
				D4658EA429013DB1005BA1F0 /* CopyFiles */,
			);
			buildRules = (
			);
			dependencies = (
			);
			name = "2nd home work 2nd month";
			productName = "2nd home work 2nd month";
			productReference = D4658EA629013DB1005BA1F0 /* 2nd home work 2nd month */;
			productType = "com.apple.product-type.tool";
		};
/* End PBXNativeTarget section */

/* Begin PBXProject section */
		D4658E9E29013DB1005BA1F0 /* Project object */ = {
			isa = PBXProject;
			attributes = {
				BuildIndependentTargetsInParallel = 1;
				LastSwiftUpdateCheck = 1400;
				LastUpgradeCheck = 1400;
				TargetAttributes = {
					D4658EA529013DB1005BA1F0 = {
						CreatedOnToolsVersion = 14.0;
					};
				};
			};
			buildConfigurationList = D4658EA129013DB1005BA1F0 /* Build configuration list for PBXProject "2nd home work 2nd month" */;
			compatibilityVersion = "Xcode 14.0";
			developmentRegion = en;
			hasScannedForEncodings = 0;
			knownRegions = (
				en,
				Base,
			);
			mainGroup = D4658E9D29013DB1005BA1F0;
			productRefGroup = D4658EA729013DB1005BA1F0 /* Products */;
			projectDirPath = "";
			projectRoot = "";
			targets = (
				D4658EA529013DB1005BA1F0 /* 2nd home work 2nd month */,
			);
		};
/* End PBXProject section */

/* Begin PBXSourcesBuildPhase section */
		D4658EA229013DB1005BA1F0 /* Sources */ = {
			isa = PBXSourcesBuildPhase;
			buildActionMask = 2147483647;
			files = (
				D4658EB529014FBE005BA1F0 /* KudaibergenCarsStore.swift in Sources */,
				D4658EAA29013DB1005BA1F0 /* main.swift in Sources */,
				D4658EB32901462E005BA1F0 /* Investor.swift in Sources */,
				D4658EB7290153E9005BA1F0 /* ClothingBoutique.swift in Sources */,
				D4658EB1290140C9005BA1F0 /* Worker.swift in Sources */,
			);
			runOnlyForDeploymentPostprocessing = 0;
		};
/* End PBXSourcesBuildPhase section */

/* Begin XCBuildConfiguration section */
		D4658EAB29013DB1005BA1F0 /* Debug */ = {
			isa = XCBuildConfiguration;
			buildSettings = {
				ALWAYS_SEARCH_USER_PATHS = NO;
				CLANG_ANALYZER_NONNULL = YES;
				CLANG_ANALYZER_NUMBER_OBJECT_CONVERSION = YES_AGGRESSIVE;
				CLANG_CXX_LANGUAGE_STANDARD = "gnu++20";
				CLANG_ENABLE_MODULES = YES;
				CLANG_ENABLE_OBJC_ARC = YES;
				CLANG_ENABLE_OBJC_WEAK = YES;
				CLANG_WARN_BLOCK_CAPTURE_AUTORELEASING = YES;
				CLANG_WARN_BOOL_CONVERSION = YES;
				CLANG_WARN_COMMA = YES;
				CLANG_WARN_CONSTANT_CONVERSION = YES;
				CLANG_WARN_DEPRECATED_OBJC_IMPLEMENTATIONS = YES;
				CLANG_WARN_DIRECT_OBJC_ISA_USAGE = YES_ERROR;
				CLANG_WARN_DOCUMENTATION_COMMENTS = YES;
				CLANG_WARN_EMPTY_BODY = YES;
				CLANG_WARN_ENUM_CONVERSION = YES;
				CLANG_WARN_INFINITE_RECURSION = YES;
				CLANG_WARN_INT_CONVERSION = YES;
				CLANG_WARN_NON_LITERAL_NULL_CONVERSION = YES;
				CLANG_WARN_OBJC_IMPLICIT_RETAIN_SELF = YES;
				CLANG_WARN_OBJC_LITERAL_CONVERSION = YES;
				CLANG_WARN_OBJC_ROOT_CLASS = YES_ERROR;
				CLANG_WARN_QUOTED_INCLUDE_IN_FRAMEWORK_HEADER = YES;
				CLANG_WARN_RANGE_LOOP_ANALYSIS = YES;
				CLANG_WARN_STRICT_PROTOTYPES = YES;
				CLANG_WARN_SUSPICIOUS_MOVE = YES;
				CLANG_WARN_UNGUARDED_AVAILABILITY = YES_AGGRESSIVE;
				CLANG_WARN_UNREACHABLE_CODE = YES;
				CLANG_WARN__DUPLICATE_METHOD_MATCH = YES;
				COPY_PHASE_STRIP = NO;
				DEBUG_INFORMATION_FORMAT = dwarf;
				ENABLE_STRICT_OBJC_MSGSEND = YES;
				ENABLE_TESTABILITY = YES;
				GCC_C_LANGUAGE_STANDARD = gnu11;
				GCC_DYNAMIC_NO_PIC = NO;
				GCC_NO_COMMON_BLOCKS = YES;
				GCC_OPTIMIZATION_LEVEL = 0;
				GCC_PREPROCESSOR_DEFINITIONS = (
					"DEBUG=1",
					"$(inherited)",
				);
				GCC_WARN_64_TO_32_BIT_CONVERSION = YES;
				GCC_WARN_ABOUT_RETURN_TYPE = YES_ERROR;
				GCC_WARN_UNDECLARED_SELECTOR = YES;
				GCC_WARN_UNINITIALIZED_AUTOS = YES_AGGRESSIVE;
				GCC_WARN_UNUSED_FUNCTION = YES;
				GCC_WARN_UNUSED_VARIABLE = YES;
				MACOSX_DEPLOYMENT_TARGET = 12.3;
				MTL_ENABLE_DEBUG_INFO = INCLUDE_SOURCE;
				MTL_FAST_MATH = YES;
				ONLY_ACTIVE_ARCH = YES;
				SDKROOT = macosx;
				SWIFT_ACTIVE_COMPILATION_CONDITIONS = DEBUG;
				SWIFT_OPTIMIZATION_LEVEL = "-Onone";
			};
			name = Debug;
		};
		D4658EAC29013DB1005BA1F0 /* Release */ = {
			isa = XCBuildConfiguration;
			buildSettings = {
				ALWAYS_SEARCH_USER_PATHS = NO;
				CLANG_ANALYZER_NONNULL = YES;
				CLANG_ANALYZER_NUMBER_OBJECT_CONVERSION = YES_AGGRESSIVE;
				CLANG_CXX_LANGUAGE_STANDARD = "gnu++20";
				CLANG_ENABLE_MODULES = YES;
				CLANG_ENABLE_OBJC_ARC = YES;
				CLANG_ENABLE_OBJC_WEAK = YES;
				CLANG_WARN_BLOCK_CAPTURE_AUTORELEASING = YES;
				CLANG_WARN_BOOL_CONVERSION = YES;
				CLANG_WARN_COMMA = YES;
				CLANG_WARN_CONSTANT_CONVERSION = YES;
				CLANG_WARN_DEPRECATED_OBJC_IMPLEMENTATIONS = YES;
				CLANG_WARN_DIRECT_OBJC_ISA_USAGE = YES_ERROR;
				CLANG_WARN_DOCUMENTATION_COMMENTS = YES;
				CLANG_WARN_EMPTY_BODY = YES;
				CLANG_WARN_ENUM_CONVERSION = YES;
				CLANG_WARN_INFINITE_RECURSION = YES;
				CLANG_WARN_INT_CONVERSION = YES;
				CLANG_WARN_NON_LITERAL_NULL_CONVERSION = YES;
				CLANG_WARN_OBJC_IMPLICIT_RETAIN_SELF = YES;
				CLANG_WARN_OBJC_LITERAL_CONVERSION = YES;
				CLANG_WARN_OBJC_ROOT_CLASS = YES_ERROR;
				CLANG_WARN_QUOTED_INCLUDE_IN_FRAMEWORK_HEADER = YES;
				CLANG_WARN_RANGE_LOOP_ANALYSIS = YES;
				CLANG_WARN_STRICT_PROTOTYPES = YES;
				CLANG_WARN_SUSPICIOUS_MOVE = YES;
				CLANG_WARN_UNGUARDED_AVAILABILITY = YES_AGGRESSIVE;
				CLANG_WARN_UNREACHABLE_CODE = YES;
				CLANG_WARN__DUPLICATE_METHOD_MATCH = YES;
				COPY_PHASE_STRIP = NO;
				DEBUG_INFORMATION_FORMAT = "dwarf-with-dsym";
				ENABLE_NS_ASSERTIONS = NO;
				ENABLE_STRICT_OBJC_MSGSEND = YES;
				GCC_C_LANGUAGE_STANDARD = gnu11;
				GCC_NO_COMMON_BLOCKS = YES;
				GCC_WARN_64_TO_32_BIT_CONVERSION = YES;
				GCC_WARN_ABOUT_RETURN_TYPE = YES_ERROR;
				GCC_WARN_UNDECLARED_SELECTOR = YES;
				GCC_WARN_UNINITIALIZED_AUTOS = YES_AGGRESSIVE;
				GCC_WARN_UNUSED_FUNCTION = YES;
				GCC_WARN_UNUSED_VARIABLE = YES;
				MACOSX_DEPLOYMENT_TARGET = 12.3;
				MTL_ENABLE_DEBUG_INFO = NO;
				MTL_FAST_MATH = YES;
				SDKROOT = macosx;
				SWIFT_COMPILATION_MODE = wholemodule;
				SWIFT_OPTIMIZATION_LEVEL = "-O";
			};
			name = Release;
		};
		D4658EAE29013DB1005BA1F0 /* Debug */ = {
			isa = XCBuildConfiguration;
			buildSettings = {
				CODE_SIGN_STYLE = Automatic;
				DEVELOPMENT_TEAM = K9J4W59S3Q;
				ENABLE_HARDENED_RUNTIME = YES;
				PRODUCT_NAME = "$(TARGET_NAME)";
				SWIFT_VERSION = 5.0;
			};
			name = Debug;
		};
		D4658EAF29013DB1005BA1F0 /* Release */ = {
			isa = XCBuildConfiguration;
			buildSettings = {
				CODE_SIGN_STYLE = Automatic;
				DEVELOPMENT_TEAM = K9J4W59S3Q;
				ENABLE_HARDENED_RUNTIME = YES;
				PRODUCT_NAME = "$(TARGET_NAME)";
				SWIFT_VERSION = 5.0;
			};
			name = Release;
		};
/* End XCBuildConfiguration section */

/* Begin XCConfigurationList section */
		D4658EA129013DB1005BA1F0 /* Build configuration list for PBXProject "2nd home work 2nd month" */ = {
			isa = XCConfigurationList;
			buildConfigurations = (
				D4658EAB29013DB1005BA1F0 /* Debug */,
				D4658EAC29013DB1005BA1F0 /* Release */,
			);
			defaultConfigurationIsVisible = 0;
			defaultConfigurationName = Release;
		};
		D4658EAD29013DB1005BA1F0 /* Build configuration list for PBXNativeTarget "2nd home work 2nd month" */ = {
			isa = XCConfigurationList;
			buildConfigurations = (
				D4658EAE29013DB1005BA1F0 /* Debug */,
				D4658EAF29013DB1005BA1F0 /* Release */,
			);
			defaultConfigurationIsVisible = 0;
			defaultConfigurationName = Release;
		};
/* End XCConfigurationList section */
	};
	rootObject = D4658E9E29013DB1005BA1F0 /* Project object */;
}
